# This file is automatically @generated by Cargo.
# It is not intended for manual editing.
version = 4

[[package]]
name = "tsdyn-core"
version = "0.1.0"
dependencies = [
 "tsdyn-engine",
]

[[package]]
name = "tsdyn-engine"
version = "0.1.0"
dependencies = [
 "tsdyn-ir",
 "tsdyn-jit",
 "tsdyn-solvers",
 "tsdyn-vm",
]

[[package]]
name = "tsdyn-ir"
version = "0.1.0"

[[package]]
name = "tsdyn-jit"
version = "0.1.0"
dependencies = [
 "tsdyn-ir",
]

[[package]]
name = "tsdyn-solvers"
version = "0.1.0"
dependencies = [
 "tsdyn-ir",
]

[[package]]
name = "tsdyn-vm"
version = "0.1.0"
dependencies = [
 "tsdyn-ir",
]
