# This file is automatically @generated by Cargo.
# It is not intended for manual editing.
version = 4

[[package]]
name = "inventory"
version = "0.3.24"
source = "registry+https://github.com/rust-lang/crates.io-index"
checksum = "a4f0c30c76f2f4ccee3fe55a2435f691ca00c0e4bd87abe4f4a851b1d4dac39b"
dependencies = [
 "rustversion",
]

[[package]]
name = "rustversion"
version = "1.0.22"
source = "registry+https://github.com/rust-lang/crates.io-index"
checksum = "b39cdef0fa800fc44525c84ccb54a029961a8215f9619753635a9c0d2538d46d"

[[package]]
name = "tsdyn-core"
version = "0.1.0"
dependencies = [
 "tsdyn-engine",
]

[[package]]
name = "tsdyn-engine"
version = "0.1.0"
dependencies = [
 "tsdyn-ir",
 "tsdyn-jit",
 "tsdyn-solvers",
 "tsdyn-vm",
]

[[package]]
name = "tsdyn-ir"
version = "0.1.0"

[[package]]
name = "tsdyn-jit"
version = "0.1.0"
dependencies = [
 "tsdyn-ir",
]

[[package]]
name = "tsdyn-solvers"
version = "0.1.0"
dependencies = [
 "inventory",
 "tsdyn-ir",
]

[[package]]
name = "tsdyn-vm"
version = "0.1.0"
dependencies = [
 "tsdyn-ir",
]
